
Microsoft Visual Studio Solution File, Format Version 11.00
# Visual Studio 2010
Project("{FAE04EC0-301F-11D3-BF4B-00C04F79EFBC}") = "OpenVSFileLine", "OpenVSFileLine\OpenVSFileLine.csproj", "{7A1D3986-76A8-42E6-9C2F-B5531F1854BE}"
EndProject
Global
	GlobalSection(SolutionConfigurationPlatforms) = preSolution
		Debug|x86 = Debug|x86
		Release|x86 = Release|x86
	EndGlobalSection
	GlobalSection(ProjectConfigurationPlatforms) = postSolution
		{7A1D3986-76A8-42E6-9C2F-B5531F1854BE}.Debug|x86.ActiveCfg = Debug|x86
		{7A1D3986-76A8-42E6-9C2F-B5531F1854BE}.Debug|x86.Build.0 = Debug|x86
		{7A1D3986-76A8-42E6-9C2F-B5531F1854BE}.Release|x86.ActiveCfg = Release|x86
		{7A1D3986-76A8-42E6-9C2F-B5531F1854BE}.Release|x86.Build.0 = Release|x86
	EndGlobalSection
	GlobalSection(SolutionProperties) = preSolution
		HideSolutionNode = FALSE
	EndGlobalSection
EndGlobal
